{
  "name": "miniprogram",
  "version": "1.0.0",
  "lockfileVersion": 2,
  "requires": true,
  "packages": {
    "": {
      "name": "miniprogram",
      "version": "1.0.0",
      "license": "ISC",
      "dependencies": {
        "@vant/weapp": "^1.10.16"
      }
    },
    "node_modules/@vant/weapp": {
      "version": "1.10.16",
      "resolved": "https://registry.npmmirror.com/@vant/weapp/-/weapp-1.10.16.tgz",
      "integrity": "sha512-6ewSFv0w4ckKyuimn/tSdSVdDg5IgontD6/g19w+kshm2x39aajWqxSs3HjW2+Cde+NG2ri949R+00+NFcVHPw=="
    }
  },
  "dependencies": {
    "@vant/weapp": {
      "version": "1.10.16",
      "resolved": "https://registry.npmmirror.com/@vant/weapp/-/weapp-1.10.16.tgz",
      "integrity": "sha512-6ewSFv0w4ckKyuimn/tSdSVdDg5IgontD6/g19w+kshm2x39aajWqxSs3HjW2+Cde+NG2ri949R+00+NFcVHPw=="
    }
  }
}
